<?xml version="1.0" encoding="utf-8"?>
<Project ToolsVersion="4.0" xmlns="http://schemas.microsoft.com/developer/msbuild/2003">
  <ItemGroup>
    <Filter Include="Resource Files">
      <UniqueIdentifier>{67DA6AB6-F800-4c08-8B7A-83BB121AAD01}</UniqueIdentifier>
      <Extensions>rc;ico;cur;bmp;dlg;rc2;rct;bin;rgs;gif;jpg;jpeg;jpe;resx;tiff;tif;png;wav;mfcribbon-ms</Extensions>
    </Filter>
    <Filter Include="Header">
      <UniqueIdentifier>{93995380-89BD-4b04-88EB-625FBE52EBFB}</UniqueIdentifier>
      <Extensions>h;hh;hpp;hxx;hm;inl;inc;xsd</Extensions>
    </Filter>
    <Filter Include="Source">
      <UniqueIdentifier>{4FC737F1-C7A5-4376-A066-2A32D752A2FF}</UniqueIdentifier>
      <Extensions>cpp;c;cc;cxx;def;odl;idl;hpj;bat;asm;asmx</Extensions>
    </Filter>
    <Filter Include="Essentials">
      <UniqueIdentifier>{9e3c9935-dfaf-4066-8250-2263087c1dca}</UniqueIdentifier>
    </Filter>
    <Filter Include="Configuration">
      <UniqueIdentifier>{4e66a618-6152-40af-b7e4-1e29cae00258}</UniqueIdentifier>
    </Filter>
    <Filter Include="Global Definitions">
      <UniqueIdentifier>{4bb76a5d-ab35-4d77-af94-242f00f8fa00}</UniqueIdentifier>
    </Filter>
  </ItemGroup>
  <ItemGroup>
    <ClCompile Include="stdafx.cpp">
      <Filter>Essentials</Filter>
    </ClCompile>
    <ClCompile Include="dllmain.cpp">
      <Filter>Essentials</Filter>
    </ClCompile>
    <ClCompile Include="Configuration\global.cpp">
      <Filter>Global Definitions</Filter>
    </ClCompile>
    <ClCompile Include="game.cpp" />
    <ClCompile Include="translate.cpp">
      <Filter>Source</Filter>
    </ClCompile>
    <ClCompile Include="wide_screen.cpp">
      <Filter>Source</Filter>
    </ClCompile>
    <ClCompile Include="file_manager.cpp">
      <Filter>Source</Filter>
    </ClCompile>
  </ItemGroup>
  <ItemGroup>
    <Text Include="ChangeLog.h">
      <Filter>Resource Files</Filter>
    </Text>
  </ItemGroup>
  <ItemGroup>
    <ClInclude Include="stdafx.h">
      <Filter>Essentials</Filter>
    </ClInclude>
    <ClInclude Include="Configuration\game.h">
      <Filter>Configuration</Filter>
    </ClInclude>
    <ClInclude Include="Configuration\global.h">
      <Filter>Global Definitions</Filter>
    </ClInclude>
    <ClInclude Include="Configuration\stdafx.h">
      <Filter>Global Definitions</Filter>
    </ClInclude>
    <ClInclude Include="translate.h">
      <Filter>Header</Filter>
    </ClInclude>
    <ClInclude Include="wide_screen.h">
      <Filter>Header</Filter>
    </ClInclude>
    <ClInclude Include="file_manager.h">
      <Filter>Header</Filter>
    </ClInclude>
  </ItemGroup>
</Project>